<?xml version="1.0" encoding="UTF-8"?>
<Project ToolsVersion="12.0" xmlns="http://schemas.microsoft.com/developer/msbuild/2003">
  <ItemGroup>
    <CustomBuild Include="F:\0\luaspq-1.1\luaspq-1.1\project64\CMakeFiles\63af2c3f2ec487b1412f40f2eb8a7878\generate.stamp.rule">
      <Filter>CMake Rules</Filter>
    </CustomBuild>
  </ItemGroup>
  <ItemGroup>
    <Filter Include="CMake Rules">
      <UniqueIdentifier>{C697FB67-20AB-3261-951B-555EF03994F6}</UniqueIdentifier>
    </Filter>
  </ItemGroup>
</Project>
