<?xml version="1.0" encoding="UTF-8"?>
<Project ToolsVersion="12.0" xmlns="http://schemas.microsoft.com/developer/msbuild/2003">
  <ItemGroup>
    <ClCompile Include="F:\0\luaspq-1.1\luaspq-1.1\src\lapi.c">
      <Filter>Source Files</Filter>
    </ClCompile>
    <ClCompile Include="F:\0\luaspq-1.1\luaspq-1.1\src\lcode.c">
      <Filter>Source Files</Filter>
    </ClCompile>
    <ClCompile Include="F:\0\luaspq-1.1\luaspq-1.1\src\lctype.c">
      <Filter>Source Files</Filter>
    </ClCompile>
    <ClCompile Include="F:\0\luaspq-1.1\luaspq-1.1\src\ldebug.c">
      <Filter>Source Files</Filter>
    </ClCompile>
    <ClCompile Include="F:\0\luaspq-1.1\luaspq-1.1\src\ldo.c">
      <Filter>Source Files</Filter>
    </ClCompile>
    <ClCompile Include="F:\0\luaspq-1.1\luaspq-1.1\src\ldump.c">
      <Filter>Source Files</Filter>
    </ClCompile>
    <ClCompile Include="F:\0\luaspq-1.1\luaspq-1.1\src\lfunc.c">
      <Filter>Source Files</Filter>
    </ClCompile>
    <ClCompile Include="F:\0\luaspq-1.1\luaspq-1.1\src\lgc.c">
      <Filter>Source Files</Filter>
    </ClCompile>
    <ClCompile Include="F:\0\luaspq-1.1\luaspq-1.1\src\llex.c">
      <Filter>Source Files</Filter>
    </ClCompile>
    <ClCompile Include="F:\0\luaspq-1.1\luaspq-1.1\src\lmem.c">
      <Filter>Source Files</Filter>
    </ClCompile>
    <ClCompile Include="F:\0\luaspq-1.1\luaspq-1.1\src\lobject.c">
      <Filter>Source Files</Filter>
    </ClCompile>
    <ClCompile Include="F:\0\luaspq-1.1\luaspq-1.1\src\lopcodes.c">
      <Filter>Source Files</Filter>
    </ClCompile>
    <ClCompile Include="F:\0\luaspq-1.1\luaspq-1.1\src\lparser.c">
      <Filter>Source Files</Filter>
    </ClCompile>
    <ClCompile Include="F:\0\luaspq-1.1\luaspq-1.1\src\lstate.c">
      <Filter>Source Files</Filter>
    </ClCompile>
    <ClCompile Include="F:\0\luaspq-1.1\luaspq-1.1\src\lstring.c">
      <Filter>Source Files</Filter>
    </ClCompile>
    <ClCompile Include="F:\0\luaspq-1.1\luaspq-1.1\src\ltable.c">
      <Filter>Source Files</Filter>
    </ClCompile>
    <ClCompile Include="F:\0\luaspq-1.1\luaspq-1.1\src\ltm.c">
      <Filter>Source Files</Filter>
    </ClCompile>
    <ClCompile Include="F:\0\luaspq-1.1\luaspq-1.1\src\lundump.c">
      <Filter>Source Files</Filter>
    </ClCompile>
    <ClCompile Include="F:\0\luaspq-1.1\luaspq-1.1\src\lvm.c">
      <Filter>Source Files</Filter>
    </ClCompile>
    <ClCompile Include="F:\0\luaspq-1.1\luaspq-1.1\src\lzio.c">
      <Filter>Source Files</Filter>
    </ClCompile>
    <ClCompile Include="F:\0\luaspq-1.1\luaspq-1.1\src\lmathlibc.c">
      <Filter>Source Files</Filter>
    </ClCompile>
    <ClCompile Include="F:\0\luaspq-1.1\luaspq-1.1\src\lauxlib.c">
      <Filter>Source Files</Filter>
    </ClCompile>
    <ClCompile Include="F:\0\luaspq-1.1\luaspq-1.1\src\lbaselib.c">
      <Filter>Source Files</Filter>
    </ClCompile>
    <ClCompile Include="F:\0\luaspq-1.1\luaspq-1.1\src\lbitlib.c">
      <Filter>Source Files</Filter>
    </ClCompile>
    <ClCompile Include="F:\0\luaspq-1.1\luaspq-1.1\src\lcorolib.c">
      <Filter>Source Files</Filter>
    </ClCompile>
    <ClCompile Include="F:\0\luaspq-1.1\luaspq-1.1\src\ldblib.c">
      <Filter>Source Files</Filter>
    </ClCompile>
    <ClCompile Include="F:\0\luaspq-1.1\luaspq-1.1\src\liolib.c">
      <Filter>Source Files</Filter>
    </ClCompile>
    <ClCompile Include="F:\0\luaspq-1.1\luaspq-1.1\src\lmathlib.c">
      <Filter>Source Files</Filter>
    </ClCompile>
    <ClCompile Include="F:\0\luaspq-1.1\luaspq-1.1\src\loslib.c">
      <Filter>Source Files</Filter>
    </ClCompile>
    <ClCompile Include="F:\0\luaspq-1.1\luaspq-1.1\src\lstrlib.c">
      <Filter>Source Files</Filter>
    </ClCompile>
    <ClCompile Include="F:\0\luaspq-1.1\luaspq-1.1\src\ltablib.c">
      <Filter>Source Files</Filter>
    </ClCompile>
    <ClCompile Include="F:\0\luaspq-1.1\luaspq-1.1\src\linit.c">
      <Filter>Source Files</Filter>
    </ClCompile>
    <ClCompile Include="F:\0\luaspq-1.1\luaspq-1.1\src\lutf8lib.c">
      <Filter>Source Files</Filter>
    </ClCompile>
    <ClCompile Include="F:\0\luaspq-1.1\luaspq-1.1\src\loadlib_rel.c">
      <Filter>Source Files</Filter>
    </ClCompile>
    <ClCompile Include="F:\0\luaspq-1.1\luaspq-1.1\src\luac.c">
      <Filter>Source Files</Filter>
    </ClCompile>
  </ItemGroup>
  <ItemGroup>
    <ClInclude Include="F:\0\luaspq-1.1\luaspq-1.1\src\lmathlibc.h">
      <Filter>Header Files</Filter>
    </ClInclude>
  </ItemGroup>
  <ItemGroup>
    <CustomBuild Include="F:\0\luaspq-1.1\luaspq-1.1\CMakeLists.txt" />
  </ItemGroup>
  <ItemGroup>
    <ResourceCompile Include="F:\0\luaspq-1.1\luaspq-1.1\src\luac.rc">
      <Filter>Source Files</Filter>
    </ResourceCompile>
  </ItemGroup>
  <ItemGroup>
    <Filter Include="Source Files">
      <UniqueIdentifier>{4A2B64BF-4580-374C-97A5-333DFF054CB2}</UniqueIdentifier>
    </Filter>
    <Filter Include="Header Files">
      <UniqueIdentifier>{8DC35818-535C-35CA-BD6B-EA3FA8231150}</UniqueIdentifier>
    </Filter>
  </ItemGroup>
</Project>
