<?xml version="1.0" encoding="UTF-8"?>
<Project ToolsVersion="12.0" xmlns="http://schemas.microsoft.com/developer/msbuild/2003">
  <ItemGroup>
    <ClCompile Include="F:\0\luaspq-1.1\luaspq-1.1\src\wmain.c">
      <Filter>Source Files</Filter>
    </ClCompile>
    <ClCompile Include="F:\0\luaspq-1.1\luaspq-1.1\src\lua.c">
      <Filter>Source Files</Filter>
    </ClCompile>
  </ItemGroup>
  <ItemGroup>
    <CustomBuild Include="F:\0\luaspq-1.1\luaspq-1.1\CMakeLists.txt" />
  </ItemGroup>
  <ItemGroup>
    <ResourceCompile Include="F:\0\luaspq-1.1\luaspq-1.1\src\lua.rc">
      <Filter>Source Files</Filter>
    </ResourceCompile>
  </ItemGroup>
  <ItemGroup>
    <Filter Include="Source Files">
      <UniqueIdentifier>{4A2B64BF-4580-374C-97A5-333DFF054CB2}</UniqueIdentifier>
    </Filter>
  </ItemGroup>
</Project>
