Microsoft Visual Studio Solution File, Format Version 12.00
# Visual Studio 2013
VisualStudioVersion = 12.0.21005.1
MinimumVisualStudioVersion = 10.0.40219.1
Project("{8BC9CEB8-8B4A-11D0-8D11-00A0C91BC942}") = "liblua", "liblua.vcxproj", "{879386B3-3008-34EF-AA4E-64A47EBD30AC}"
EndProject
Project("{8BC9CEB8-8B4A-11D0-8D11-00A0C91BC942}") = "lua", "lua.vcxproj", "{5A16CF55-2277-3655-9F3C-BFA648E780DA}"
	ProjectSection(ProjectDependencies) = postProject
		{879386B3-3008-34EF-AA4E-64A47EBD30AC} = {879386B3-3008-34EF-AA4E-64A47EBD30AC}
	EndProjectSection
EndProject
Project("{8BC9CEB8-8B4A-11D0-8D11-00A0C91BC942}") = "luac", "luac.vcxproj", "{78FA846D-D4AD-3523-9368-C62A8733340F}"
EndProject
Project("{8BC9CEB8-8B4A-11D0-8D11-00A0C91BC942}") = "wlua", "wlua.vcxproj", "{24D3CA2E-B526-3D03-830C-63377C631110}"
	ProjectSection(ProjectDependencies) = postProject
		{879386B3-3008-34EF-AA4E-64A47EBD30AC} = {879386B3-3008-34EF-AA4E-64A47EBD30AC}
	EndProjectSection
EndProject
Global
	GlobalSection(SolutionConfigurationPlatforms) = preSolution
		Debug|Win32 = Debug|Win32
		MinSizeRel|Win32 = MinSizeRel|Win32
		Release|Win32 = Release|Win32
		RelWithDebInfo|Win32 = RelWithDebInfo|Win32
	EndGlobalSection
	GlobalSection(ProjectConfigurationPlatforms) = postSolution
		{879386B3-3008-34EF-AA4E-64A47EBD30AC}.Debug|Win32.ActiveCfg = Debug|Win32
		{879386B3-3008-34EF-AA4E-64A47EBD30AC}.Debug|Win32.Build.0 = Debug|Win32
		{879386B3-3008-34EF-AA4E-64A47EBD30AC}.MinSizeRel|Win32.ActiveCfg = MinSizeRel|Win32
		{879386B3-3008-34EF-AA4E-64A47EBD30AC}.MinSizeRel|Win32.Build.0 = MinSizeRel|Win32
		{879386B3-3008-34EF-AA4E-64A47EBD30AC}.Release|Win32.ActiveCfg = Release|Win32
		{879386B3-3008-34EF-AA4E-64A47EBD30AC}.Release|Win32.Build.0 = Release|Win32
		{879386B3-3008-34EF-AA4E-64A47EBD30AC}.RelWithDebInfo|Win32.ActiveCfg = RelWithDebInfo|Win32
		{879386B3-3008-34EF-AA4E-64A47EBD30AC}.RelWithDebInfo|Win32.Build.0 = RelWithDebInfo|Win32
		{5A16CF55-2277-3655-9F3C-BFA648E780DA}.Debug|Win32.ActiveCfg = Debug|Win32
		{5A16CF55-2277-3655-9F3C-BFA648E780DA}.Debug|Win32.Build.0 = Debug|Win32
		{5A16CF55-2277-3655-9F3C-BFA648E780DA}.MinSizeRel|Win32.ActiveCfg = MinSizeRel|Win32
		{5A16CF55-2277-3655-9F3C-BFA648E780DA}.MinSizeRel|Win32.Build.0 = MinSizeRel|Win32
		{5A16CF55-2277-3655-9F3C-BFA648E780DA}.Release|Win32.ActiveCfg = Release|Win32
		{5A16CF55-2277-3655-9F3C-BFA648E780DA}.Release|Win32.Build.0 = Release|Win32
		{5A16CF55-2277-3655-9F3C-BFA648E780DA}.RelWithDebInfo|Win32.ActiveCfg = RelWithDebInfo|Win32
		{5A16CF55-2277-3655-9F3C-BFA648E780DA}.RelWithDebInfo|Win32.Build.0 = RelWithDebInfo|Win32
		{78FA846D-D4AD-3523-9368-C62A8733340F}.Debug|Win32.ActiveCfg = Debug|Win32
		{78FA846D-D4AD-3523-9368-C62A8733340F}.Debug|Win32.Build.0 = Debug|Win32
		{78FA846D-D4AD-3523-9368-C62A8733340F}.MinSizeRel|Win32.ActiveCfg = MinSizeRel|Win32
		{78FA846D-D4AD-3523-9368-C62A8733340F}.MinSizeRel|Win32.Build.0 = MinSizeRel|Win32
		{78FA846D-D4AD-3523-9368-C62A8733340F}.Release|Win32.ActiveCfg = Release|Win32
		{78FA846D-D4AD-3523-9368-C62A8733340F}.Release|Win32.Build.0 = Release|Win32
		{78FA846D-D4AD-3523-9368-C62A8733340F}.RelWithDebInfo|Win32.ActiveCfg = RelWithDebInfo|Win32
		{78FA846D-D4AD-3523-9368-C62A8733340F}.RelWithDebInfo|Win32.Build.0 = RelWithDebInfo|Win32
		{24D3CA2E-B526-3D03-830C-63377C631110}.Debug|Win32.ActiveCfg = Debug|Win32
		{24D3CA2E-B526-3D03-830C-63377C631110}.Debug|Win32.Build.0 = Debug|Win32
		{24D3CA2E-B526-3D03-830C-63377C631110}.MinSizeRel|Win32.ActiveCfg = MinSizeRel|Win32
		{24D3CA2E-B526-3D03-830C-63377C631110}.MinSizeRel|Win32.Build.0 = MinSizeRel|Win32
		{24D3CA2E-B526-3D03-830C-63377C631110}.Release|Win32.ActiveCfg = Release|Win32
		{24D3CA2E-B526-3D03-830C-63377C631110}.Release|Win32.Build.0 = Release|Win32
		{24D3CA2E-B526-3D03-830C-63377C631110}.RelWithDebInfo|Win32.ActiveCfg = RelWithDebInfo|Win32
		{24D3CA2E-B526-3D03-830C-63377C631110}.RelWithDebInfo|Win32.Build.0 = RelWithDebInfo|Win32
	EndGlobalSection
	GlobalSection(SolutionProperties) = preSolution
		HideSolutionNode = FALSE
	EndGlobalSection
EndGlobal
