<?xml version="1.0" encoding="UTF-8"?>
<Project ToolsVersion="12.0" xmlns="http://schemas.microsoft.com/developer/msbuild/2003">
  <ItemGroup>
    <CustomBuild Include="F:\0\luaspq-1.1\luaspq-1.13\project\CMakeFiles\0ab561cec7323b62183a0ba6b9bd3288\generate.stamp.rule">
      <Filter>CMake Rules</Filter>
    </CustomBuild>
  </ItemGroup>
  <ItemGroup>
    <Filter Include="CMake Rules">
      <UniqueIdentifier>{4EF79B4D-FFF4-363A-A2A8-5DD902DB745C}</UniqueIdentifier>
    </Filter>
  </ItemGroup>
</Project>
